// !$*UTF8*$!
{
	archiveVersion = 1;
	classes = {
	};
	objectVersion = 50;
	objects = {

/* Begin PBXBuildFile section */
		1D7F6CBC2224F6AD009517F6 /* AppDelegate.swift in Sources */ = {isa = PBXBuildFile; fileRef = 1D7F6CBB2224F6AD009517F6 /* AppDelegate.swift */; };
		1D7F6CC12224F6AD009517F6 /* Main.storyboard in Resources */ = {isa = PBXBuildFile; fileRef = 1D7F6CBF2224F6AD009517F6 /* Main.storyboard */; };
		1D7F6CC32224F6AE009517F6 /* Assets.xcassets in Resources */ = {isa = PBXBuildFile; fileRef = 1D7F6CC22224F6AE009517F6 /* Assets.xcassets */; };
		1D7F6CC62224F6AE009517F6 /* LaunchScreen.storyboard in Resources */ = {isa = PBXBuildFile; fileRef = 1D7F6CC42224F6AE009517F6 /* LaunchScreen.storyboard */; };
		1D7F6CD12224F6AE009517F6 /* ParsetagramTests.swift in Sources */ = {isa = PBXBuildFile; fileRef = 1D7F6CD02224F6AE009517F6 /* ParsetagramTests.swift */; };
		1D7F6CDC2224F6AE009517F6 /* ParsetagramUITests.swift in Sources */ = {isa = PBXBuildFile; fileRef = 1D7F6CDB2224F6AE009517F6 /* ParsetagramUITests.swift */; };
		1DFC84EA222504E400D55C5F /* LoginViewController.swift in Sources */ = {isa = PBXBuildFile; fileRef = 1DFC84E9222504E400D55C5F /* LoginViewController.swift */; };
		1DFC84EC222504ED00D55C5F /* FeedViewController.swift in Sources */ = {isa = PBXBuildFile; fileRef = 1DFC84EB222504ED00D55C5F /* FeedViewController.swift */; };
		1DFC84EE222517A700D55C5F /* CameraViewController.swift in Sources */ = {isa = PBXBuildFile; fileRef = 1DFC84ED222517A700D55C5F /* CameraViewController.swift */; };
		1DFC84F022253F9400D55C5F /* PostCell.swift in Sources */ = {isa = PBXBuildFile; fileRef = 1DFC84EF22253F9400D55C5F /* PostCell.swift */; };
		264882A741380D493279B11D /* Pods_ParsetagramUITests.framework in Frameworks */ = {isa = PBXBuildFile; fileRef = 71CB7344A16529242C4352BB /* Pods_ParsetagramUITests.framework */; };
		A4D4C392A563E6FD529A92F0 /* Pods_ParsetagramTests.framework in Frameworks */ = {isa = PBXBuildFile; fileRef = 61EAC70D1310C4C656EBC6FE /* Pods_ParsetagramTests.framework */; };
		EDEEB0FBA384523C4C81E935 /* Pods_Parsetagram.framework in Frameworks */ = {isa = PBXBuildFile; fileRef = 97F1214621696A1508F88497 /* Pods_Parsetagram.framework */; };
/* End PBXBuildFile section */

/* Begin PBXContainerItemProxy section */
		1D7F6CCD2224F6AE009517F6 /* PBXContainerItemProxy */ = {
			isa = PBXContainerItemProxy;
			containerPortal = 1D7F6CB02224F6AD009517F6 /* Project object */;
			proxyType = 1;
			remoteGlobalIDString = 1D7F6CB72224F6AD009517F6;
			remoteInfo = Parsetagram;
		};
		1D7F6CD82224F6AE009517F6 /* PBXContainerItemProxy */ = {
			isa = PBXContainerItemProxy;
			containerPortal = 1D7F6CB02224F6AD009517F6 /* Project object */;
			proxyType = 1;
			remoteGlobalIDString = 1D7F6CB72224F6AD009517F6;
			remoteInfo = Parsetagram;
		};
/* End PBXContainerItemProxy section */

/* Begin PBXFileReference section */
		17E2C12B3999E04877DB0D0E /* Pods-ParsetagramTests.debug.xcconfig */ = {isa = PBXFileReference; includeInIndex = 1; lastKnownFileType = text.xcconfig; name = "Pods-ParsetagramTests.debug.xcconfig"; path = "Pods/Target Support Files/Pods-ParsetagramTests/Pods-ParsetagramTests.debug.xcconfig"; sourceTree = "<group>"; };
		1D7F6CB82224F6AD009517F6 /* Parsetagram.app */ = {isa = PBXFileReference; explicitFileType = wrapper.application; includeInIndex = 0; path = Parsetagram.app; sourceTree = BUILT_PRODUCTS_DIR; };
		1D7F6CBB2224F6AD009517F6 /* AppDelegate.swift */ = {isa = PBXFileReference; lastKnownFileType = sourcecode.swift; path = AppDelegate.swift; sourceTree = "<group>"; };
		1D7F6CC02224F6AD009517F6 /* Base */ = {isa = PBXFileReference; lastKnownFileType = file.storyboard; name = Base; path = Base.lproj/Main.storyboard; sourceTree = "<group>"; };
		1D7F6CC22224F6AE009517F6 /* Assets.xcassets */ = {isa = PBXFileReference; lastKnownFileType = folder.assetcatalog; path = Assets.xcassets; sourceTree = "<group>"; };
		1D7F6CC52224F6AE009517F6 /* Base */ = {isa = PBXFileReference; lastKnownFileType = file.storyboard; name = Base; path = Base.lproj/LaunchScreen.storyboard; sourceTree = "<group>"; };
		1D7F6CC72224F6AE009517F6 /* Info.plist */ = {isa = PBXFileReference; lastKnownFileType = text.plist.xml; path = Info.plist; sourceTree = "<group>"; };
		1D7F6CCC2224F6AE009517F6 /* ParsetagramTests.xctest */ = {isa = PBXFileReference; explicitFileType = wrapper.cfbundle; includeInIndex = 0; path = ParsetagramTests.xctest; sourceTree = BUILT_PRODUCTS_DIR; };
		1D7F6CD02224F6AE009517F6 /* ParsetagramTests.swift */ = {isa = PBXFileReference; lastKnownFileType = sourcecode.swift; path = ParsetagramTests.swift; sourceTree = "<group>"; };
		1D7F6CD22224F6AE009517F6 /* Info.plist */ = {isa = PBXFileReference; lastKnownFileType = text.plist.xml; path = Info.plist; sourceTree = "<group>"; };
		1D7F6CD72224F6AE009517F6 /* ParsetagramUITests.xctest */ = {isa = PBXFileReference; explicitFileType = wrapper.cfbundle; includeInIndex = 0; path = ParsetagramUITests.xctest; sourceTree = BUILT_PRODUCTS_DIR; };
		1D7F6CDB2224F6AE009517F6 /* ParsetagramUITests.swift */ = {isa = PBXFileReference; lastKnownFileType = sourcecode.swift; path = ParsetagramUITests.swift; sourceTree = "<group>"; };
		1D7F6CDD2224F6AE009517F6 /* Info.plist */ = {isa = PBXFileReference; lastKnownFileType = text.plist.xml; path = Info.plist; sourceTree = "<group>"; };
		1DFC84E9222504E400D55C5F /* LoginViewController.swift */ = {isa = PBXFileReference; lastKnownFileType = sourcecode.swift; path = LoginViewController.swift; sourceTree = "<group>"; };
		1DFC84EB222504ED00D55C5F /* FeedViewController.swift */ = {isa = PBXFileReference; lastKnownFileType = sourcecode.swift; path = FeedViewController.swift; sourceTree = "<group>"; };
		1DFC84ED222517A700D55C5F /* CameraViewController.swift */ = {isa = PBXFileReference; lastKnownFileType = sourcecode.swift; path = CameraViewController.swift; sourceTree = "<group>"; };
		1DFC84EF22253F9400D55C5F /* PostCell.swift */ = {isa = PBXFileReference; lastKnownFileType = sourcecode.swift; path = PostCell.swift; sourceTree = "<group>"; };
		486F8A788145BE2190891C97 /* Pods-Parsetagram.debug.xcconfig */ = {isa = PBXFileReference; includeInIndex = 1; lastKnownFileType = text.xcconfig; name = "Pods-Parsetagram.debug.xcconfig"; path = "Pods/Target Support Files/Pods-Parsetagram/Pods-Parsetagram.debug.xcconfig"; sourceTree = "<group>"; };
		61EAC70D1310C4C656EBC6FE /* Pods_ParsetagramTests.framework */ = {isa = PBXFileReference; explicitFileType = wrapper.framework; includeInIndex = 0; path = Pods_ParsetagramTests.framework; sourceTree = BUILT_PRODUCTS_DIR; };
		70532535A4A2A75AD97EDEE9 /* Pods-ParsetagramUITests.debug.xcconfig */ = {isa = PBXFileReference; includeInIndex = 1; lastKnownFileType = text.xcconfig; name = "Pods-ParsetagramUITests.debug.xcconfig"; path = "Pods/Target Support Files/Pods-ParsetagramUITests/Pods-ParsetagramUITests.debug.xcconfig"; sourceTree = "<group>"; };
		71CB7344A16529242C4352BB /* Pods_ParsetagramUITests.framework */ = {isa = PBXFileReference; explicitFileType = wrapper.framework; includeInIndex = 0; path = Pods_ParsetagramUITests.framework; sourceTree = BUILT_PRODUCTS_DIR; };
		8CBF030FFFB81DB65F228DC9 /* Pods-ParsetagramUITests.release.xcconfig */ = {isa = PBXFileReference; includeInIndex = 1; lastKnownFileType = text.xcconfig; name = "Pods-ParsetagramUITests.release.xcconfig"; path = "Pods/Target Support Files/Pods-ParsetagramUITests/Pods-ParsetagramUITests.release.xcconfig"; sourceTree = "<group>"; };
		97F1214621696A1508F88497 /* Pods_Parsetagram.framework */ = {isa = PBXFileReference; explicitFileType = wrapper.framework; includeInIndex = 0; path = Pods_Parsetagram.framework; sourceTree = BUILT_PRODUCTS_DIR; };
		DA2F135ED9B428FBFD5EEE91 /* Pods-ParsetagramTests.release.xcconfig */ = {isa = PBXFileReference; includeInIndex = 1; lastKnownFileType = text.xcconfig; name = "Pods-ParsetagramTests.release.xcconfig"; path = "Pods/Target Support Files/Pods-ParsetagramTests/Pods-ParsetagramTests.release.xcconfig"; sourceTree = "<group>"; };
		E4B0A2254F3E03BA374325F2 /* Pods-Parsetagram.release.xcconfig */ = {isa = PBXFileReference; includeInIndex = 1; lastKnownFileType = text.xcconfig; name = "Pods-Parsetagram.release.xcconfig"; path = "Pods/Target Support Files/Pods-Parsetagram/Pods-Parsetagram.release.xcconfig"; sourceTree = "<group>"; };
/* End PBXFileReference section */

/* Begin PBXFrameworksBuildPhase section */
		1D7F6CB52224F6AD009517F6 /* Frameworks */ = {
			isa = PBXFrameworksBuildPhase;
			buildActionMask = 2147483647;
			files = (
				EDEEB0FBA384523C4C81E935 /* Pods_Parsetagram.framework in Frameworks */,
			);
			runOnlyForDeploymentPostprocessing = 0;
		};
		1D7F6CC92224F6AE009517F6 /* Frameworks */ = {
			isa = PBXFrameworksBuildPhase;
			buildActionMask = 2147483647;
			files = (
				A4D4C392A563E6FD529A92F0 /* Pods_ParsetagramTests.framework in Frameworks */,
			);
			runOnlyForDeploymentPostprocessing = 0;
		};
		1D7F6CD42224F6AE009517F6 /* Frameworks */ = {
			isa = PBXFrameworksBuildPhase;
			buildActionMask = 2147483647;
			files = (
				264882A741380D493279B11D /* Pods_ParsetagramUITests.framework in Frameworks */,
			);
			runOnlyForDeploymentPostprocessing = 0;
		};
/* End PBXFrameworksBuildPhase section */

/* Begin PBXGroup section */
		01E8643DA6FE4E7A57CC1911 /* Pods */ = {
			isa = PBXGroup;
			children = (
				486F8A788145BE2190891C97 /* Pods-Parsetagram.debug.xcconfig */,
				E4B0A2254F3E03BA374325F2 /* Pods-Parsetagram.release.xcconfig */,
				17E2C12B3999E04877DB0D0E /* Pods-ParsetagramTests.debug.xcconfig */,
				DA2F135ED9B428FBFD5EEE91 /* Pods-ParsetagramTests.release.xcconfig */,
				70532535A4A2A75AD97EDEE9 /* Pods-ParsetagramUITests.debug.xcconfig */,
				8CBF030FFFB81DB65F228DC9 /* Pods-ParsetagramUITests.release.xcconfig */,
			);
			name = Pods;
			sourceTree = "<group>";
		};
		1D7F6CAF2224F6AD009517F6 = {
			isa = PBXGroup;
			children = (
				1D7F6CBA2224F6AD009517F6 /* Parsetagram */,
				1D7F6CCF2224F6AE009517F6 /* ParsetagramTests */,
				1D7F6CDA2224F6AE009517F6 /* ParsetagramUITests */,
				1D7F6CB92224F6AD009517F6 /* Products */,
				01E8643DA6FE4E7A57CC1911 /* Pods */,
				A395A5634895BA94CBF2574F /* Frameworks */,
			);
			sourceTree = "<group>";
		};
		1D7F6CB92224F6AD009517F6 /* Products */ = {
			isa = PBXGroup;
			children = (
				1D7F6CB82224F6AD009517F6 /* Parsetagram.app */,
				1D7F6CCC2224F6AE009517F6 /* ParsetagramTests.xctest */,
				1D7F6CD72224F6AE009517F6 /* ParsetagramUITests.xctest */,
			);
			name = Products;
			sourceTree = "<group>";
		};
		1D7F6CBA2224F6AD009517F6 /* Parsetagram */ = {
			isa = PBXGroup;
			children = (
				1D7F6CBB2224F6AD009517F6 /* AppDelegate.swift */,
				1D7F6CBF2224F6AD009517F6 /* Main.storyboard */,
				1DFC84EF22253F9400D55C5F /* PostCell.swift */,
				1DFC84ED222517A700D55C5F /* CameraViewController.swift */,
				1DFC84E9222504E400D55C5F /* LoginViewController.swift */,
				1DFC84EB222504ED00D55C5F /* FeedViewController.swift */,
				1D7F6CC22224F6AE009517F6 /* Assets.xcassets */,
				1D7F6CC42224F6AE009517F6 /* LaunchScreen.storyboard */,
				1D7F6CC72224F6AE009517F6 /* Info.plist */,
			);
			path = Parsetagram;
			sourceTree = "<group>";
		};
		1D7F6CCF2224F6AE009517F6 /* ParsetagramTests */ = {
			isa = PBXGroup;
			children = (
				1D7F6CD02224F6AE009517F6 /* ParsetagramTests.swift */,
				1D7F6CD22224F6AE009517F6 /* Info.plist */,
			);
			path = ParsetagramTests;
			sourceTree = "<group>";
		};
		1D7F6CDA2224F6AE009517F6 /* ParsetagramUITests */ = {
			isa = PBXGroup;
			children = (
				1D7F6CDB2224F6AE009517F6 /* ParsetagramUITests.swift */,
				1D7F6CDD2224F6AE009517F6 /* Info.plist */,
			);
			path = ParsetagramUITests;
			sourceTree = "<group>";
		};
		A395A5634895BA94CBF2574F /* Frameworks */ = {
			isa = PBXGroup;
			children = (
				97F1214621696A1508F88497 /* Pods_Parsetagram.framework */,
				61EAC70D1310C4C656EBC6FE /* Pods_ParsetagramTests.framework */,
				71CB7344A16529242C4352BB /* Pods_ParsetagramUITests.framework */,
			);
			name = Frameworks;
			sourceTree = "<group>";
		};
/* End PBXGroup section */

/* Begin PBXNativeTarget section */
		1D7F6CB72224F6AD009517F6 /* Parsetagram */ = {
			isa = PBXNativeTarget;
			buildConfigurationList = 1D7F6CE02224F6AE009517F6 /* Build configuration list for PBXNativeTarget "Parsetagram" */;
			buildPhases = (
				588A5D4952DA60290BF79AC1 /* [CP] Check Pods Manifest.lock */,
				1D7F6CB42224F6AD009517F6 /* Sources */,
				1D7F6CB52224F6AD009517F6 /* Frameworks */,
				1D7F6CB62224F6AD009517F6 /* Resources */,
				566986A2657C51D780C6564B /* [CP] Embed Pods Frameworks */,
			);
			buildRules = (
			);
			dependencies = (
			);
			name = Parsetagram;
			productName = Parsetagram;
			productReference = 1D7F6CB82224F6AD009517F6 /* Parsetagram.app */;
			productType = "com.apple.product-type.application";
		};
		1D7F6CCB2224F6AE009517F6 /* ParsetagramTests */ = {
			isa = PBXNativeTarget;
			buildConfigurationList = 1D7F6CE32224F6AE009517F6 /* Build configuration list for PBXNativeTarget "ParsetagramTests" */;
			buildPhases = (
				0DC6DA7313397A2D02E780C2 /* [CP] Check Pods Manifest.lock */,
				1D7F6CC82224F6AE009517F6 /* Sources */,
				1D7F6CC92224F6AE009517F6 /* Frameworks */,
				1D7F6CCA2224F6AE009517F6 /* Resources */,
			);
			buildRules = (
			);
			dependencies = (
				1D7F6CCE2224F6AE009517F6 /* PBXTargetDependency */,
			);
			name = ParsetagramTests;
			productName = ParsetagramTests;
			productReference = 1D7F6CCC2224F6AE009517F6 /* ParsetagramTests.xctest */;
			productType = "com.apple.product-type.bundle.unit-test";
		};
		1D7F6CD62224F6AE009517F6 /* ParsetagramUITests */ = {
			isa = PBXNativeTarget;
			buildConfigurationList = 1D7F6CE62224F6AE009517F6 /* Build configuration list for PBXNativeTarget "ParsetagramUITests" */;
			buildPhases = (
				8C4A34496E7CB605945CE358 /* [CP] Check Pods Manifest.lock */,
				1D7F6CD32224F6AE009517F6 /* Sources */,
				1D7F6CD42224F6AE009517F6 /* Frameworks */,
				1D7F6CD52224F6AE009517F6 /* Resources */,
			);
			buildRules = (
			);
			dependencies = (
				1D7F6CD92224F6AE009517F6 /* PBXTargetDependency */,
			);
			name = ParsetagramUITests;
			productName = ParsetagramUITests;
			productReference = 1D7F6CD72224F6AE009517F6 /* ParsetagramUITests.xctest */;
			productType = "com.apple.product-type.bundle.ui-testing";
		};
/* End PBXNativeTarget section */

/* Begin PBXProject section */
		1D7F6CB02224F6AD009517F6 /* Project object */ = {
			isa = PBXProject;
			attributes = {
				LastSwiftUpdateCheck = 1010;
				LastUpgradeCheck = 1010;
				ORGANIZATIONNAME = "Eros Gonzalez";
				TargetAttributes = {
					1D7F6CB72224F6AD009517F6 = {
						CreatedOnToolsVersion = 10.1;
					};
					1D7F6CCB2224F6AE009517F6 = {
						CreatedOnToolsVersion = 10.1;
						TestTargetID = 1D7F6CB72224F6AD009517F6;
					};
					1D7F6CD62224F6AE009517F6 = {
						CreatedOnToolsVersion = 10.1;
						TestTargetID = 1D7F6CB72224F6AD009517F6;
					};
				};
			};
			buildConfigurationList = 1D7F6CB32224F6AD009517F6 /* Build configuration list for PBXProject "Parsetagram" */;
			compatibilityVersion = "Xcode 9.3";
			developmentRegion = en;
			hasScannedForEncodings = 0;
			knownRegions = (
				en,
				Base,
			);
			mainGroup = 1D7F6CAF2224F6AD009517F6;
			productRefGroup = 1D7F6CB92224F6AD009517F6 /* Products */;
			projectDirPath = "";
			projectRoot = "";
			targets = (
				1D7F6CB72224F6AD009517F6 /* Parsetagram */,
				1D7F6CCB2224F6AE009517F6 /* ParsetagramTests */,
				1D7F6CD62224F6AE009517F6 /* ParsetagramUITests */,
			);
		};
/* End PBXProject section */

/* Begin PBXResourcesBuildPhase section */
		1D7F6CB62224F6AD009517F6 /* Resources */ = {
			isa = PBXResourcesBuildPhase;
			buildActionMask = 2147483647;
			files = (
				1D7F6CC62224F6AE009517F6 /* LaunchScreen.storyboard in Resources */,
				1D7F6CC32224F6AE009517F6 /* Assets.xcassets in Resources */,
				1D7F6CC12224F6AD009517F6 /* Main.storyboard in Resources */,
			);
			runOnlyForDeploymentPostprocessing = 0;
		};
		1D7F6CCA2224F6AE009517F6 /* Resources */ = {
			isa = PBXResourcesBuildPhase;
			buildActionMask = 2147483647;
			files = (
			);
			runOnlyForDeploymentPostprocessing = 0;
		};
		1D7F6CD52224F6AE009517F6 /* Resources */ = {
			isa = PBXResourcesBuildPhase;
			buildActionMask = 2147483647;
			files = (
			);
			runOnlyForDeploymentPostprocessing = 0;
		};
/* End PBXResourcesBuildPhase section */

/* Begin PBXShellScriptBuildPhase section */
		0DC6DA7313397A2D02E780C2 /* [CP] Check Pods Manifest.lock */ = {
			isa = PBXShellScriptBuildPhase;
			buildActionMask = 2147483647;
			files = (
			);
			inputFileListPaths = (
			);
			inputPaths = (
				"${PODS_PODFILE_DIR_PATH}/Podfile.lock",
				"${PODS_ROOT}/Manifest.lock",
			);
			name = "[CP] Check Pods Manifest.lock";
			outputFileListPaths = (
			);
			outputPaths = (
				"$(DERIVED_FILE_DIR)/Pods-ParsetagramTests-checkManifestLockResult.txt",
			);
			runOnlyForDeploymentPostprocessing = 0;
			shellPath = /bin/sh;
			shellScript = "diff \"${PODS_PODFILE_DIR_PATH}/Podfile.lock\" \"${PODS_ROOT}/Manifest.lock\" > /dev/null\nif [ $? != 0 ] ; then\n    # print error to STDERR\n    echo \"error: The sandbox is not in sync with the Podfile.lock. Run 'pod install' or update your CocoaPods installation.\" >&2\n    exit 1\nfi\n# This output is used by Xcode 'outputs' to avoid re-running this script phase.\necho \"SUCCESS\" > \"${SCRIPT_OUTPUT_FILE_0}\"\n";
			showEnvVarsInLog = 0;
		};
		566986A2657C51D780C6564B /* [CP] Embed Pods Frameworks */ = {
			isa = PBXShellScriptBuildPhase;
			buildActionMask = 2147483647;
			files = (
			);
			inputFileListPaths = (
			);
			inputPaths = (
				"${SRCROOT}/Pods/Target Support Files/Pods-Parsetagram/Pods-Parsetagram-frameworks.sh",
				"${BUILT_PRODUCTS_DIR}/Alamofire/Alamofire.framework",
				"${BUILT_PRODUCTS_DIR}/AlamofireImage/AlamofireImage.framework",
				"${BUILT_PRODUCTS_DIR}/Bolts/Bolts.framework",
				"${BUILT_PRODUCTS_DIR}/Parse/Parse.framework",
			);
			name = "[CP] Embed Pods Frameworks";
			outputFileListPaths = (
			);
			outputPaths = (
				"${TARGET_BUILD_DIR}/${FRAMEWORKS_FOLDER_PATH}/Alamofire.framework",
				"${TARGET_BUILD_DIR}/${FRAMEWORKS_FOLDER_PATH}/AlamofireImage.framework",
				"${TARGET_BUILD_DIR}/${FRAMEWORKS_FOLDER_PATH}/Bolts.framework",
				"${TARGET_BUILD_DIR}/${FRAMEWORKS_FOLDER_PATH}/Parse.framework",
			);
			runOnlyForDeploymentPostprocessing = 0;
			shellPath = /bin/sh;
			shellScript = "\"${SRCROOT}/Pods/Target Support Files/Pods-Parsetagram/Pods-Parsetagram-frameworks.sh\"\n";
			showEnvVarsInLog = 0;
		};
		588A5D4952DA60290BF79AC1 /* [CP] Check Pods Manifest.lock */ = {
			isa = PBXShellScriptBuildPhase;
			buildActionMask = 2147483647;
			files = (
			);
			inputFileListPaths = (
			);
			inputPaths = (
				"${PODS_PODFILE_DIR_PATH}/Podfile.lock",
				"${PODS_ROOT}/Manifest.lock",
			);
			name = "[CP] Check Pods Manifest.lock";
			outputFileListPaths = (
			);
			outputPaths = (
				"$(DERIVED_FILE_DIR)/Pods-Parsetagram-checkManifestLockResult.txt",
			);
			runOnlyForDeploymentPostprocessing = 0;
			shellPath = /bin/sh;
			shellScript = "diff \"${PODS_PODFILE_DIR_PATH}/Podfile.lock\" \"${PODS_ROOT}/Manifest.lock\" > /dev/null\nif [ $? != 0 ] ; then\n    # print error to STDERR\n    echo \"error: The sandbox is not in sync with the Podfile.lock. Run 'pod install' or update your CocoaPods installation.\" >&2\n    exit 1\nfi\n# This output is used by Xcode 'outputs' to avoid re-running this script phase.\necho \"SUCCESS\" > \"${SCRIPT_OUTPUT_FILE_0}\"\n";
			showEnvVarsInLog = 0;
		};
		8C4A34496E7CB605945CE358 /* [CP] Check Pods Manifest.lock */ = {
			isa = PBXShellScriptBuildPhase;
			buildActionMask = 2147483647;
			files = (
			);
			inputFileListPaths = (
			);
			inputPaths = (
				"${PODS_PODFILE_DIR_PATH}/Podfile.lock",
				"${PODS_ROOT}/Manifest.lock",
			);
			name = "[CP] Check Pods Manifest.lock";
			outputFileListPaths = (
			);
			outputPaths = (
				"$(DERIVED_FILE_DIR)/Pods-ParsetagramUITests-checkManifestLockResult.txt",
			);
			runOnlyForDeploymentPostprocessing = 0;
			shellPath = /bin/sh;
			shellScript = "diff \"${PODS_PODFILE_DIR_PATH}/Podfile.lock\" \"${PODS_ROOT}/Manifest.lock\" > /dev/null\nif [ $? != 0 ] ; then\n    # print error to STDERR\n    echo \"error: The sandbox is not in sync with the Podfile.lock. Run 'pod install' or update your CocoaPods installation.\" >&2\n    exit 1\nfi\n# This output is used by Xcode 'outputs' to avoid re-running this script phase.\necho \"SUCCESS\" > \"${SCRIPT_OUTPUT_FILE_0}\"\n";
			showEnvVarsInLog = 0;
		};
/* End PBXShellScriptBuildPhase section */

/* Begin PBXSourcesBuildPhase section */
		1D7F6CB42224F6AD009517F6 /* Sources */ = {
			isa = PBXSourcesBuildPhase;
			buildActionMask = 2147483647;
			files = (
				1DFC84EA222504E400D55C5F /* LoginViewController.swift in Sources */,
				1DFC84EE222517A700D55C5F /* CameraViewController.swift in Sources */,
				1DFC84EC222504ED00D55C5F /* FeedViewController.swift in Sources */,
				1D7F6CBC2224F6AD009517F6 /* AppDelegate.swift in Sources */,
				1DFC84F022253F9400D55C5F /* PostCell.swift in Sources */,
			);
			runOnlyForDeploymentPostprocessing = 0;
		};
		1D7F6CC82224F6AE009517F6 /* Sources */ = {
			isa = PBXSourcesBuildPhase;
			buildActionMask = 2147483647;
			files = (
				1D7F6CD12224F6AE009517F6 /* ParsetagramTests.swift in Sources */,
			);
			runOnlyForDeploymentPostprocessing = 0;
		};
		1D7F6CD32224F6AE009517F6 /* Sources */ = {
			isa = PBXSourcesBuildPhase;
			buildActionMask = 2147483647;
			files = (
				1D7F6CDC2224F6AE009517F6 /* ParsetagramUITests.swift in Sources */,
			);
			runOnlyForDeploymentPostprocessing = 0;
		};
/* End PBXSourcesBuildPhase section */

/* Begin PBXTargetDependency section */
		1D7F6CCE2224F6AE009517F6 /* PBXTargetDependency */ = {
			isa = PBXTargetDependency;
			target = 1D7F6CB72224F6AD009517F6 /* Parsetagram */;
			targetProxy = 1D7F6CCD2224F6AE009517F6 /* PBXContainerItemProxy */;
		};
		1D7F6CD92224F6AE009517F6 /* PBXTargetDependency */ = {
			isa = PBXTargetDependency;
			target = 1D7F6CB72224F6AD009517F6 /* Parsetagram */;
			targetProxy = 1D7F6CD82224F6AE009517F6 /* PBXContainerItemProxy */;
		};
/* End PBXTargetDependency section */

/* Begin PBXVariantGroup section */
		1D7F6CBF2224F6AD009517F6 /* Main.storyboard */ = {
			isa = PBXVariantGroup;
			children = (
				1D7F6CC02224F6AD009517F6 /* Base */,
			);
			name = Main.storyboard;
			sourceTree = "<group>";
		};
		1D7F6CC42224F6AE009517F6 /* LaunchScreen.storyboard */ = {
			isa = PBXVariantGroup;
			children = (
				1D7F6CC52224F6AE009517F6 /* Base */,
			);
			name = LaunchScreen.storyboard;
			sourceTree = "<group>";
		};
/* End PBXVariantGroup section */

/* Begin XCBuildConfiguration section */
		1D7F6CDE2224F6AE009517F6 /* Debug */ = {
			isa = XCBuildConfiguration;
			buildSettings = {
				ALWAYS_SEARCH_USER_PATHS = NO;
				CLANG_ANALYZER_NONNULL = YES;
				CLANG_ANALYZER_NUMBER_OBJECT_CONVERSION = YES_AGGRESSIVE;
				CLANG_CXX_LANGUAGE_STANDARD = "gnu++14";
				CLANG_CXX_LIBRARY = "libc++";
				CLANG_ENABLE_MODULES = YES;
				CLANG_ENABLE_OBJC_ARC = YES;
				CLANG_ENABLE_OBJC_WEAK = YES;
				CLANG_WARN_BLOCK_CAPTURE_AUTORELEASING = YES;
				CLANG_WARN_BOOL_CONVERSION = YES;
				CLANG_WARN_COMMA = YES;
				CLANG_WARN_CONSTANT_CONVERSION = YES;
				CLANG_WARN_DEPRECATED_OBJC_IMPLEMENTATIONS = YES;
				CLANG_WARN_DIRECT_OBJC_ISA_USAGE = YES_ERROR;
				CLANG_WARN_DOCUMENTATION_COMMENTS = YES;
				CLANG_WARN_EMPTY_BODY = YES;
				CLANG_WARN_ENUM_CONVERSION = YES;
				CLANG_WARN_INFINITE_RECURSION = YES;
				CLANG_WARN_INT_CONVERSION = YES;
				CLANG_WARN_NON_LITERAL_NULL_CONVERSION = YES;
				CLANG_WARN_OBJC_IMPLICIT_RETAIN_SELF = YES;
				CLANG_WARN_OBJC_LITERAL_CONVERSION = YES;
				CLANG_WARN_OBJC_ROOT_CLASS = YES_ERROR;
				CLANG_WARN_RANGE_LOOP_ANALYSIS = YES;
				CLANG_WARN_STRICT_PROTOTYPES = YES;
				CLANG_WARN_SUSPICIOUS_MOVE = YES;
				CLANG_WARN_UNGUARDED_AVAILABILITY = YES_AGGRESSIVE;
				CLANG_WARN_UNREACHABLE_CODE = YES;
				CLANG_WARN__DUPLICATE_METHOD_MATCH = YES;
				CODE_SIGN_IDENTITY = "iPhone Developer";
				COPY_PHASE_STRIP = NO;
				DEBUG_INFORMATION_FORMAT = dwarf;
				ENABLE_STRICT_OBJC_MSGSEND = YES;
				ENABLE_TESTABILITY = YES;
				GCC_C_LANGUAGE_STANDARD = gnu11;
				GCC_DYNAMIC_NO_PIC = NO;
				GCC_NO_COMMON_BLOCKS = YES;
				GCC_OPTIMIZATION_LEVEL = 0;
				GCC_PREPROCESSOR_DEFINITIONS = (
					"DEBUG=1",
					"$(inherited)",
				);
				GCC_WARN_64_TO_32_BIT_CONVERSION = YES;
				GCC_WARN_ABOUT_RETURN_TYPE = YES_ERROR;
				GCC_WARN_UNDECLARED_SELECTOR = YES;
				GCC_WARN_UNINITIALIZED_AUTOS = YES_AGGRESSIVE;
				GCC_WARN_UNUSED_FUNCTION = YES;
				GCC_WARN_UNUSED_VARIABLE = YES;
				IPHONEOS_DEPLOYMENT_TARGET = 12.1;
				MTL_ENABLE_DEBUG_INFO = INCLUDE_SOURCE;
				MTL_FAST_MATH = YES;
				ONLY_ACTIVE_ARCH = YES;
				SDKROOT = iphoneos;
				SWIFT_ACTIVE_COMPILATION_CONDITIONS = DEBUG;
				SWIFT_OPTIMIZATION_LEVEL = "-Onone";
			};
			name = Debug;
		};
		1D7F6CDF2224F6AE009517F6 /* Release */ = {
			isa = XCBuildConfiguration;
			buildSettings = {
				ALWAYS_SEARCH_USER_PATHS = NO;
				CLANG_ANALYZER_NONNULL = YES;
				CLANG_ANALYZER_NUMBER_OBJECT_CONVERSION = YES_AGGRESSIVE;
				CLANG_CXX_LANGUAGE_STANDARD = "gnu++14";
				CLANG_CXX_LIBRARY = "libc++";
				CLANG_ENABLE_MODULES = YES;
				CLANG_ENABLE_OBJC_ARC = YES;
				CLANG_ENABLE_OBJC_WEAK = YES;
				CLANG_WARN_BLOCK_CAPTURE_AUTORELEASING = YES;
				CLANG_WARN_BOOL_CONVERSION = YES;
				CLANG_WARN_COMMA = YES;
				CLANG_WARN_CONSTANT_CONVERSION = YES;
				CLANG_WARN_DEPRECATED_OBJC_IMPLEMENTATIONS = YES;
				CLANG_WARN_DIRECT_OBJC_ISA_USAGE = YES_ERROR;
				CLANG_WARN_DOCUMENTATION_COMMENTS = YES;
				CLANG_WARN_EMPTY_BODY = YES;
				CLANG_WARN_ENUM_CONVERSION = YES;
				CLANG_WARN_INFINITE_RECURSION = YES;
				CLANG_WARN_INT_CONVERSION = YES;
				CLANG_WARN_NON_LITERAL_NULL_CONVERSION = YES;
				CLANG_WARN_OBJC_IMPLICIT_RETAIN_SELF = YES;
				CLANG_WARN_OBJC_LITERAL_CONVERSION = YES;
				CLANG_WARN_OBJC_ROOT_CLASS = YES_ERROR;
				CLANG_WARN_RANGE_LOOP_ANALYSIS = YES;
				CLANG_WARN_STRICT_PROTOTYPES = YES;
				CLANG_WARN_SUSPICIOUS_MOVE = YES;
				CLANG_WARN_UNGUARDED_AVAILABILITY = YES_AGGRESSIVE;
				CLANG_WARN_UNREACHABLE_CODE = YES;
				CLANG_WARN__DUPLICATE_METHOD_MATCH = YES;
				CODE_SIGN_IDENTITY = "iPhone Developer";
				COPY_PHASE_STRIP = NO;
				DEBUG_INFORMATION_FORMAT = "dwarf-with-dsym";
				ENABLE_NS_ASSERTIONS = NO;
				ENABLE_STRICT_OBJC_MSGSEND = YES;
				GCC_C_LANGUAGE_STANDARD = gnu11;
				GCC_NO_COMMON_BLOCKS = YES;
				GCC_WARN_64_TO_32_BIT_CONVERSION = YES;
				GCC_WARN_ABOUT_RETURN_TYPE = YES_ERROR;
				GCC_WARN_UNDECLARED_SELECTOR = YES;
				GCC_WARN_UNINITIALIZED_AUTOS = YES_AGGRESSIVE;
				GCC_WARN_UNUSED_FUNCTION = YES;
				GCC_WARN_UNUSED_VARIABLE = YES;
				IPHONEOS_DEPLOYMENT_TARGET = 12.1;
				MTL_ENABLE_DEBUG_INFO = NO;
				MTL_FAST_MATH = YES;
				SDKROOT = iphoneos;
				SWIFT_COMPILATION_MODE = wholemodule;
				SWIFT_OPTIMIZATION_LEVEL = "-O";
				VALIDATE_PRODUCT = YES;
			};
			name = Release;
		};
		1D7F6CE12224F6AE009517F6 /* Debug */ = {
			isa = XCBuildConfiguration;
			baseConfigurationReference = 486F8A788145BE2190891C97 /* Pods-Parsetagram.debug.xcconfig */;
			buildSettings = {
				ASSETCATALOG_COMPILER_APPICON_NAME = AppIcon;
				CODE_SIGN_STYLE = Automatic;
				DEVELOPMENT_TEAM = 2468FJX2LR;
				INFOPLIST_FILE = Parsetagram/Info.plist;
				LD_RUNPATH_SEARCH_PATHS = (
					"$(inherited)",
					"@executable_path/Frameworks",
				);
				PRODUCT_BUNDLE_IDENTIFIER = com.WumboApps.Parsetagram;
				PRODUCT_NAME = "$(TARGET_NAME)";
				SWIFT_VERSION = 4.2;
				TARGETED_DEVICE_FAMILY = "1,2";
			};
			name = Debug;
		};
		1D7F6CE22224F6AE009517F6 /* Release */ = {
			isa = XCBuildConfiguration;
			baseConfigurationReference = E4B0A2254F3E03BA374325F2 /* Pods-Parsetagram.release.xcconfig */;
			buildSettings = {
				ASSETCATALOG_COMPILER_APPICON_NAME = AppIcon;
				CODE_SIGN_STYLE = Automatic;
				DEVELOPMENT_TEAM = 2468FJX2LR;
				INFOPLIST_FILE = Parsetagram/Info.plist;
				LD_RUNPATH_SEARCH_PATHS = (
					"$(inherited)",
					"@executable_path/Frameworks",
				);
				PRODUCT_BUNDLE_IDENTIFIER = com.WumboApps.Parsetagram;
				PRODUCT_NAME = "$(TARGET_NAME)";
				SWIFT_VERSION = 4.2;
				TARGETED_DEVICE_FAMILY = "1,2";
			};
			name = Release;
		};
		1D7F6CE42224F6AE009517F6 /* Debug */ = {
			isa = XCBuildConfiguration;
			baseConfigurationReference = 17E2C12B3999E04877DB0D0E /* Pods-ParsetagramTests.debug.xcconfig */;
			buildSettings = {
				ALWAYS_EMBED_SWIFT_STANDARD_LIBRARIES = YES;
				BUNDLE_LOADER = "$(TEST_HOST)";
				CODE_SIGN_STYLE = Automatic;
				INFOPLIST_FILE = ParsetagramTests/Info.plist;
				LD_RUNPATH_SEARCH_PATHS = (
					"$(inherited)",
					"@executable_path/Frameworks",
					"@loader_path/Frameworks",
				);
				PRODUCT_BUNDLE_IDENTIFIER = com.WumboApps.ParsetagramTests;
				PRODUCT_NAME = "$(TARGET_NAME)";
				SWIFT_VERSION = 4.2;
				TARGETED_DEVICE_FAMILY = "1,2";
				TEST_HOST = "$(BUILT_PRODUCTS_DIR)/Parsetagram.app/Parsetagram";
			};
			name = Debug;
		};
		1D7F6CE52224F6AE009517F6 /* Release */ = {
			isa = XCBuildConfiguration;
			baseConfigurationReference = DA2F135ED9B428FBFD5EEE91 /* Pods-ParsetagramTests.release.xcconfig */;
			buildSettings = {
				ALWAYS_EMBED_SWIFT_STANDARD_LIBRARIES = YES;
				BUNDLE_LOADER = "$(TEST_HOST)";
				CODE_SIGN_STYLE = Automatic;
				INFOPLIST_FILE = ParsetagramTests/Info.plist;
				LD_RUNPATH_SEARCH_PATHS = (
					"$(inherited)",
					"@executable_path/Frameworks",
					"@loader_path/Frameworks",
				);
				PRODUCT_BUNDLE_IDENTIFIER = com.WumboApps.ParsetagramTests;
				PRODUCT_NAME = "$(TARGET_NAME)";
				SWIFT_VERSION = 4.2;
				TARGETED_DEVICE_FAMILY = "1,2";
				TEST_HOST = "$(BUILT_PRODUCTS_DIR)/Parsetagram.app/Parsetagram";
			};
			name = Release;
		};
		1D7F6CE72224F6AE009517F6 /* Debug */ = {
			isa = XCBuildConfiguration;
			baseConfigurationReference = 70532535A4A2A75AD97EDEE9 /* Pods-ParsetagramUITests.debug.xcconfig */;
			buildSettings = {
				ALWAYS_EMBED_SWIFT_STANDARD_LIBRARIES = YES;
				CODE_SIGN_STYLE = Automatic;
				INFOPLIST_FILE = ParsetagramUITests/Info.plist;
				LD_RUNPATH_SEARCH_PATHS = (
					"$(inherited)",
					"@executable_path/Frameworks",
					"@loader_path/Frameworks",
				);
				PRODUCT_BUNDLE_IDENTIFIER = com.WumboApps.ParsetagramUITests;
				PRODUCT_NAME = "$(TARGET_NAME)";
				SWIFT_VERSION = 4.2;
				TARGETED_DEVICE_FAMILY = "1,2";
				TEST_TARGET_NAME = Parsetagram;
			};
			name = Debug;
		};
		1D7F6CE82224F6AE009517F6 /* Release */ = {
			isa = XCBuildConfiguration;
			baseConfigurationReference = 8CBF030FFFB81DB65F228DC9 /* Pods-ParsetagramUITests.release.xcconfig */;
			buildSettings = {
				ALWAYS_EMBED_SWIFT_STANDARD_LIBRARIES = YES;
				CODE_SIGN_STYLE = Automatic;
				INFOPLIST_FILE = ParsetagramUITests/Info.plist;
				LD_RUNPATH_SEARCH_PATHS = (
					"$(inherited)",
					"@executable_path/Frameworks",
					"@loader_path/Frameworks",
				);
				PRODUCT_BUNDLE_IDENTIFIER = com.WumboApps.ParsetagramUITests;
				PRODUCT_NAME = "$(TARGET_NAME)";
				SWIFT_VERSION = 4.2;
				TARGETED_DEVICE_FAMILY = "1,2";
				TEST_TARGET_NAME = Parsetagram;
			};
			name = Release;
		};
/* End XCBuildConfiguration section */

/* Begin XCConfigurationList section */
		1D7F6CB32224F6AD009517F6 /* Build configuration list for PBXProject "Parsetagram" */ = {
			isa = XCConfigurationList;
			buildConfigurations = (
				1D7F6CDE2224F6AE009517F6 /* Debug */,
				1D7F6CDF2224F6AE009517F6 /* Release */,
			);
			defaultConfigurationIsVisible = 0;
			defaultConfigurationName = Release;
		};
		1D7F6CE02224F6AE009517F6 /* Build configuration list for PBXNativeTarget "Parsetagram" */ = {
			isa = XCConfigurationList;
			buildConfigurations = (
				1D7F6CE12224F6AE009517F6 /* Debug */,
				1D7F6CE22224F6AE009517F6 /* Release */,
			);
			defaultConfigurationIsVisible = 0;
			defaultConfigurationName = Release;
		};
		1D7F6CE32224F6AE009517F6 /* Build configuration list for PBXNativeTarget "ParsetagramTests" */ = {
			isa = XCConfigurationList;
			buildConfigurations = (
				1D7F6CE42224F6AE009517F6 /* Debug */,
				1D7F6CE52224F6AE009517F6 /* Release */,
			);
			defaultConfigurationIsVisible = 0;
			defaultConfigurationName = Release;
		};
		1D7F6CE62224F6AE009517F6 /* Build configuration list for PBXNativeTarget "ParsetagramUITests" */ = {
			isa = XCConfigurationList;
			buildConfigurations = (
				1D7F6CE72224F6AE009517F6 /* Debug */,
				1D7F6CE82224F6AE009517F6 /* Release */,
			);
			defaultConfigurationIsVisible = 0;
			defaultConfigurationName = Release;
		};
/* End XCConfigurationList section */
	};
	rootObject = 1D7F6CB02224F6AD009517F6 /* Project object */;
}
